<?xml version="1.0" encoding="UTF-8" standalone="yes" ?>
<CodeBlocks_project_file>
	<FileVersion major="1" minor="6" />
	<Project>
		<Option title="metrorailproject" />
		<Option pch_mode="2" />
		<Option compiler="gcc" />
		<Build>
			<Target title="Debug">
				<Option output="bin/Debug/metrorailproject" prefix_auto="1" extension_auto="1" />
				<Option object_output="obj/Debug/" />
				<Option type="1" />
				<Option compiler="gcc" />
				<Compiler>
					<Add option="-g" />
					<Add directory="include" />
				</Compiler>
			</Target>
			<Target title="Release">
				<Option output="bin/Release/metrorailproject" prefix_auto="1" extension_auto="1" />
				<Option object_output="obj/Release/" />
				<Option type="1" />
				<Option compiler="gcc" />
				<Compiler>
					<Add option="-O2" />
					<Add directory="include" />
				</Compiler>
				<Linker>
					<Add option="-s" />
				</Linker>
			</Target>
		</Build>
		<Compiler>
			<Add option="-Wall" />
			<Add option="-fexceptions" />
		</Compiler>
		<Unit filename="CAn.cpp" />
		<Unit filename="Cancellation.cpp" />
		<Unit filename="Database.cpp" />
		<Unit filename="Enquiry.cpp" />
		<Unit filename="Manger.cpp" />
		<Unit filename="Res.cpp" />
		<Unit filename="Reservation.cpp" />
		<Unit filename="User.cpp" />
		<Unit filename="disPlayPass.cpp" />
		<Unit filename="forgot.cpp" />
		<Unit filename="funtionfile.h" />
		<Unit filename="include/Detail.h" />
		<Unit filename="include/canc.h" />
		<Unit filename="include/login.h" />
		<Unit filename="include/reser.h" />
		<Unit filename="main.cpp" />
		<Unit filename="registr.cpp" />
		<Unit filename="src/Detail.cpp" />
		<Unit filename="src/canc.cpp" />
		<Unit filename="src/login.cpp" />
		<Unit filename="src/reser.cpp" />
		<Extensions>
			<lib_finder disable_auto="1" />
		</Extensions>
	</Project>
</CodeBlocks_project_file>
